
Microsoft Visual Studio Solution File, Format Version 12.00
# Visual Studio Version 16
VisualStudioVersion = 16.0.30503.244
MinimumVisualStudioVersion = 10.0.40219.1
Project("{9A19103F-16F7-4668-BE54-9A1E7A4F7556}") = "Augmentoprjmodel", "Augmentoprjmodel\Augmentoprjmodel.csproj", "{7E706A19-8482-4F3C-B066-84B1914FA8D1}"
EndProject
Project("{FAE04EC0-301F-11D3-BF4B-00C04F79EFBC}") = "Calculationprjfakeiteasy", "Calculationprjfakeiteasy\Calculationprjfakeiteasy.csproj", "{634E8EE8-158F-4318-AB44-5A5261DC9507}"
EndProject
Global
	GlobalSection(SolutionConfigurationPlatforms) = preSolution
		Debug|Any CPU = Debug|Any CPU
		Release|Any CPU = Release|Any CPU
	EndGlobalSection
	GlobalSection(ProjectConfigurationPlatforms) = postSolution
		{7E706A19-8482-4F3C-B066-84B1914FA8D1}.Debug|Any CPU.ActiveCfg = Debug|Any CPU
		{7E706A19-8482-4F3C-B066-84B1914FA8D1}.Debug|Any CPU.Build.0 = Debug|Any CPU
		{7E706A19-8482-4F3C-B066-84B1914FA8D1}.Release|Any CPU.ActiveCfg = Release|Any CPU
		{7E706A19-8482-4F3C-B066-84B1914FA8D1}.Release|Any CPU.Build.0 = Release|Any CPU
		{634E8EE8-158F-4318-AB44-5A5261DC9507}.Debug|Any CPU.ActiveCfg = Debug|Any CPU
		{634E8EE8-158F-4318-AB44-5A5261DC9507}.Debug|Any CPU.Build.0 = Debug|Any CPU
		{634E8EE8-158F-4318-AB44-5A5261DC9507}.Release|Any CPU.ActiveCfg = Release|Any CPU
		{634E8EE8-158F-4318-AB44-5A5261DC9507}.Release|Any CPU.Build.0 = Release|Any CPU
	EndGlobalSection
	GlobalSection(SolutionProperties) = preSolution
		HideSolutionNode = FALSE
	EndGlobalSection
	GlobalSection(ExtensibilityGlobals) = postSolution
		SolutionGuid = {D64A6990-6730-4A0D-9757-EEAA4FEB1CF4}
	EndGlobalSection
EndGlobal
